
Microsoft Visual Studio Solution File, Format Version 12.00
# Visual Studio Version 18
VisualStudioVersion = 18.4.11626.88
MinimumVisualStudioVersion = 10.0.40219.1
Project("{9A19103F-16F7-4668-BE54-9A1E7A4F7556}") = "SearchEngine", "src\SearchEngine\SearchEngine.csproj", "{0B308E7D-E017-4157-8345-56B0810DDCB7}"
EndProject
Project("{9A19103F-16F7-4668-BE54-9A1E7A4F7556}") = "SearchEngine.Tests", "Tests\SearchEngine.Tests\SearchEngine.Tests.csproj", "{39E497A1-7EE6-4A9B-BC5E-85BCE3737A58}"
EndProject
Project("{2150E333-8FDC-42A3-9474-1A3956D46DE8}") = "Solution Items", "Solution Items", "{5C3549A9-3180-4091-BD10-FEA746F571DF}"
	ProjectSection(SolutionItems) = preProject
		.editorconfig = .editorconfig
	EndProjectSection
EndProject
Project("{2150E333-8FDC-42A3-9474-1A3956D46DE8}") = "src", "src", "{5551A15F-D766-499E-8CBD-360AC6252D16}"
EndProject
Project("{2150E333-8FDC-42A3-9474-1A3956D46DE8}") = "Tests", "Tests", "{7A369112-1B79-488E-ADD3-8C9B5CB10413}"
EndProject
Project("{FAE04EC0-301F-11D3-BF4B-00C04F79EFBC}") = "SearchEngine.Benchmarks", "Benchmarks\SearchEngine.Benchmarks\SearchEngine.Benchmarks.csproj", "{523F6510-958F-4035-80A6-84FE7F7E6AC9}"
EndProject
Global
	GlobalSection(SolutionConfigurationPlatforms) = preSolution
		Debug|Any CPU = Debug|Any CPU
		Release|Any CPU = Release|Any CPU
	EndGlobalSection
	GlobalSection(ProjectConfigurationPlatforms) = postSolution
		{0B308E7D-E017-4157-8345-56B0810DDCB7}.Debug|Any CPU.ActiveCfg = Debug|Any CPU
		{0B308E7D-E017-4157-8345-56B0810DDCB7}.Debug|Any CPU.Build.0 = Debug|Any CPU
		{0B308E7D-E017-4157-8345-56B0810DDCB7}.Release|Any CPU.ActiveCfg = Release|Any CPU
		{0B308E7D-E017-4157-8345-56B0810DDCB7}.Release|Any CPU.Build.0 = Release|Any CPU
		{39E497A1-7EE6-4A9B-BC5E-85BCE3737A58}.Debug|Any CPU.ActiveCfg = Debug|Any CPU
		{39E497A1-7EE6-4A9B-BC5E-85BCE3737A58}.Debug|Any CPU.Build.0 = Debug|Any CPU
		{39E497A1-7EE6-4A9B-BC5E-85BCE3737A58}.Release|Any CPU.ActiveCfg = Release|Any CPU
		{39E497A1-7EE6-4A9B-BC5E-85BCE3737A58}.Release|Any CPU.Build.0 = Release|Any CPU
		{523F6510-958F-4035-80A6-84FE7F7E6AC9}.Debug|Any CPU.ActiveCfg = Debug|Any CPU
		{523F6510-958F-4035-80A6-84FE7F7E6AC9}.Debug|Any CPU.Build.0 = Debug|Any CPU
		{523F6510-958F-4035-80A6-84FE7F7E6AC9}.Release|Any CPU.ActiveCfg = Release|Any CPU
		{523F6510-958F-4035-80A6-84FE7F7E6AC9}.Release|Any CPU.Build.0 = Release|Any CPU
	EndGlobalSection
	GlobalSection(SolutionProperties) = preSolution
		HideSolutionNode = FALSE
	EndGlobalSection
	GlobalSection(NestedProjects) = preSolution
		{0B308E7D-E017-4157-8345-56B0810DDCB7} = {5551A15F-D766-499E-8CBD-360AC6252D16}
		{39E497A1-7EE6-4A9B-BC5E-85BCE3737A58} = {7A369112-1B79-488E-ADD3-8C9B5CB10413}
	EndGlobalSection
	GlobalSection(ExtensibilityGlobals) = postSolution
		SolutionGuid = {CEA74CE2-A7A3-4BB7-8CF0-90F6E2A76DC1}
	EndGlobalSection
EndGlobal
